// !$*UTF8*$!
{
	archiveVersion = 1;
	classes = {
	};
	objectVersion = 56;
	objects = {

/* Begin PBXBuildFile section */
		7554D10C2AAFB6B8008CEB87 /* ChromaApp.swift in Sources */ = {isa = PBXBuildFile; fileRef = 7554D10B2AAFB6B8008CEB87 /* ChromaApp.swift */; };
		7554D10E2AAFB6B8008CEB87 /* ContentView.swift in Sources */ = {isa = PBXBuildFile; fileRef = 7554D10D2AAFB6B8008CEB87 /* ContentView.swift */; };
		7554D1102AAFB6B9008CEB87 /* Assets.xcassets in Resources */ = {isa = PBXBuildFile; fileRef = 7554D10F2AAFB6B9008CEB87 /* Assets.xcassets */; };
		7554D1142AAFB6B9008CEB87 /* Preview Assets.xcassets in Resources */ = {isa = PBXBuildFile; fileRef = 7554D1132AAFB6B9008CEB87 /* Preview Assets.xcassets */; };
		7554D11E2AAFB6B9008CEB87 /* ChromaTests.swift in Sources */ = {isa = PBXBuildFile; fileRef = 7554D11D2AAFB6B9008CEB87 /* ChromaTests.swift */; };
		7554D1282AAFB6B9008CEB87 /* ChromaUITests.swift in Sources */ = {isa = PBXBuildFile; fileRef = 7554D1272AAFB6B9008CEB87 /* ChromaUITests.swift */; };
		7554D12A2AAFB6B9008CEB87 /* ChromaUITestsLaunchTests.swift in Sources */ = {isa = PBXBuildFile; fileRef = 7554D1292AAFB6B9008CEB87 /* ChromaUITestsLaunchTests.swift */; };
		7554D1392AAFB81C008CEB87 /* Canvas.swift in Sources */ = {isa = PBXBuildFile; fileRef = 7554D1382AAFB81C008CEB87 /* Canvas.swift */; };
		7554D13D2AAFBA49008CEB87 /* Minimap.swift in Sources */ = {isa = PBXBuildFile; fileRef = 7554D13C2AAFBA49008CEB87 /* Minimap.swift */; };
		7554D13F2AAFBD7E008CEB87 /* Pixel.swift in Sources */ = {isa = PBXBuildFile; fileRef = 7554D13E2AAFBD7E008CEB87 /* Pixel.swift */; };
		7554D1432AAFC0DA008CEB87 /* PixelShape.swift in Sources */ = {isa = PBXBuildFile; fileRef = 7554D1422AAFC0DA008CEB87 /* PixelShape.swift */; };
		7554D14E2AAFD4DD008CEB87 /* ToolList.swift in Sources */ = {isa = PBXBuildFile; fileRef = 7554D14D2AAFD4DD008CEB87 /* ToolList.swift */; };
		7554D1502AAFE61D008CEB87 /* ShapeList.swift in Sources */ = {isa = PBXBuildFile; fileRef = 7554D14F2AAFE61D008CEB87 /* ShapeList.swift */; };
		7554D1522AAFE994008CEB87 /* PixelSizeControl.swift in Sources */ = {isa = PBXBuildFile; fileRef = 7554D1512AAFE994008CEB87 /* PixelSizeControl.swift */; };
		7554D1562AAFEC7E008CEB87 /* Square.swift in Sources */ = {isa = PBXBuildFile; fileRef = 7554D1552AAFEC7E008CEB87 /* Square.swift */; };
		7554D1592AAFECB2008CEB87 /* SemiCircle.swift in Sources */ = {isa = PBXBuildFile; fileRef = 7554D1582AAFECB2008CEB87 /* SemiCircle.swift */; };
		7554D15C2AAFEEE8008CEB87 /* Quadrant.swift in Sources */ = {isa = PBXBuildFile; fileRef = 7554D15B2AAFEEE8008CEB87 /* Quadrant.swift */; };
		7554D15E2AAFF149008CEB87 /* RightTriangle.swift in Sources */ = {isa = PBXBuildFile; fileRef = 7554D15D2AAFF149008CEB87 /* RightTriangle.swift */; };
		7554D1602AAFF3C9008CEB87 /* ShapeButton.swift in Sources */ = {isa = PBXBuildFile; fileRef = 7554D15F2AAFF3C9008CEB87 /* ShapeButton.swift */; };
		7554D1622AAFF880008CEB87 /* ColorControl.swift in Sources */ = {isa = PBXBuildFile; fileRef = 7554D1612AAFF880008CEB87 /* ColorControl.swift */; };
		7554D1662AB0D508008CEB87 /* RotationControl.swift in Sources */ = {isa = PBXBuildFile; fileRef = 7554D1652AB0D508008CEB87 /* RotationControl.swift */; };
		7554D1682AB0D55B008CEB87 /* DrawSettings.swift in Sources */ = {isa = PBXBuildFile; fileRef = 7554D1672AB0D55B008CEB87 /* DrawSettings.swift */; };
		7554D16A2AB10288008CEB87 /* ExpandModifier.swift in Sources */ = {isa = PBXBuildFile; fileRef = 7554D1692AB10288008CEB87 /* ExpandModifier.swift */; };
		7554D16D2AB119FD008CEB87 /* PixelCursor.swift in Sources */ = {isa = PBXBuildFile; fileRef = 7554D16C2AB119FD008CEB87 /* PixelCursor.swift */; };
		7554D16F2AB25EFD008CEB87 /* CanvasSettings.swift in Sources */ = {isa = PBXBuildFile; fileRef = 7554D16E2AB25EFD008CEB87 /* CanvasSettings.swift */; };
		7554D1732AB2775B008CEB87 /* PanelModifier.swift in Sources */ = {isa = PBXBuildFile; fileRef = 7554D1722AB2775B008CEB87 /* PanelModifier.swift */; };
		7554D1752AB2888C008CEB87 /* GesturesModifier.swift in Sources */ = {isa = PBXBuildFile; fileRef = 7554D1742AB2888C008CEB87 /* GesturesModifier.swift */; };
		7554D1772AB28F3E008CEB87 /* OperatorExtension.swift in Sources */ = {isa = PBXBuildFile; fileRef = 7554D1762AB28F3E008CEB87 /* OperatorExtension.swift */; };
		7554D1792AB29A3D008CEB87 /* ViewSettings.swift in Sources */ = {isa = PBXBuildFile; fileRef = 7554D1782AB29A3D008CEB87 /* ViewSettings.swift */; };
		7554D17C2AB29BAB008CEB87 /* ZoomButtons.swift in Sources */ = {isa = PBXBuildFile; fileRef = 7554D17B2AB29BAB008CEB87 /* ZoomButtons.swift */; };
		7554D17E2AB358EE008CEB87 /* History.swift in Sources */ = {isa = PBXBuildFile; fileRef = 7554D17D2AB358EE008CEB87 /* History.swift */; };
		7554D1802AB3600B008CEB87 /* HistoryButtons.swift in Sources */ = {isa = PBXBuildFile; fileRef = 7554D17F2AB3600B008CEB87 /* HistoryButtons.swift */; };
		7554D1822AB3657D008CEB87 /* HistoryList.swift in Sources */ = {isa = PBXBuildFile; fileRef = 7554D1812AB3657D008CEB87 /* HistoryList.swift */; };
		7554D1842AB3ABA0008CEB87 /* LabelStyles.swift in Sources */ = {isa = PBXBuildFile; fileRef = 7554D1832AB3ABA0008CEB87 /* LabelStyles.swift */; };
		7554D1872AB3D1D4008CEB87 /* ScaleTypeButtons.swift in Sources */ = {isa = PBXBuildFile; fileRef = 7554D1862AB3D1D4008CEB87 /* ScaleTypeButtons.swift */; };
		7554D1892AB4BC12008CEB87 /* InverseQuadrant.swift in Sources */ = {isa = PBXBuildFile; fileRef = 7554D1882AB4BC12008CEB87 /* InverseQuadrant.swift */; };
		7554D1912AB4EB12008CEB87 /* CanvasBase.swift in Sources */ = {isa = PBXBuildFile; fileRef = 7554D1902AB4EB12008CEB87 /* CanvasBase.swift */; };
		7554D1952AB50B42008CEB87 /* Utils.swift in Sources */ = {isa = PBXBuildFile; fileRef = 7554D1942AB50B42008CEB87 /* Utils.swift */; };
		7554D1972AB52262008CEB87 /* CanvasWrapper.swift in Sources */ = {isa = PBXBuildFile; fileRef = 7554D1962AB52262008CEB87 /* CanvasWrapper.swift */; };
		7554D1992AB53D11008CEB87 /* TileModeButtons.swift in Sources */ = {isa = PBXBuildFile; fileRef = 7554D1982AB53D11008CEB87 /* TileModeButtons.swift */; };
		7554D19B2AB54187008CEB87 /* ViewSettingsPanel.swift in Sources */ = {isa = PBXBuildFile; fileRef = 7554D19A2AB54187008CEB87 /* ViewSettingsPanel.swift */; };
		7554D19D2AB5424B008CEB87 /* GridModeButtons.swift in Sources */ = {isa = PBXBuildFile; fileRef = 7554D19C2AB5424B008CEB87 /* GridModeButtons.swift */; };
		7554D19F2AB60CE6008CEB87 /* ButtonStyles.swift in Sources */ = {isa = PBXBuildFile; fileRef = 7554D19E2AB60CE6008CEB87 /* ButtonStyles.swift */; };
		7554D1A42AB63B55008CEB87 /* CanvasSettingsPanel.swift in Sources */ = {isa = PBXBuildFile; fileRef = 7554D1A32AB63B55008CEB87 /* CanvasSettingsPanel.swift */; };
		7554D1A62AB63BBA008CEB87 /* BackgroundColorControl.swift in Sources */ = {isa = PBXBuildFile; fileRef = 7554D1A52AB63BBA008CEB87 /* BackgroundColorControl.swift */; };
/* End PBXBuildFile section */

/* Begin PBXContainerItemProxy section */
		7554D11A2AAFB6B9008CEB87 /* PBXContainerItemProxy */ = {
			isa = PBXContainerItemProxy;
			containerPortal = 7554D1002AAFB6B8008CEB87 /* Project object */;
			proxyType = 1;
			remoteGlobalIDString = 7554D1072AAFB6B8008CEB87;
			remoteInfo = Chroma;
		};
		7554D1242AAFB6B9008CEB87 /* PBXContainerItemProxy */ = {
			isa = PBXContainerItemProxy;
			containerPortal = 7554D1002AAFB6B8008CEB87 /* Project object */;
			proxyType = 1;
			remoteGlobalIDString = 7554D1072AAFB6B8008CEB87;
			remoteInfo = Chroma;
		};
/* End PBXContainerItemProxy section */

/* Begin PBXFileReference section */
		7554D1082AAFB6B8008CEB87 /* Chroma.app */ = {isa = PBXFileReference; explicitFileType = wrapper.application; includeInIndex = 0; path = Chroma.app; sourceTree = BUILT_PRODUCTS_DIR; };
		7554D10B2AAFB6B8008CEB87 /* ChromaApp.swift */ = {isa = PBXFileReference; lastKnownFileType = sourcecode.swift; path = ChromaApp.swift; sourceTree = "<group>"; };
		7554D10D2AAFB6B8008CEB87 /* ContentView.swift */ = {isa = PBXFileReference; lastKnownFileType = sourcecode.swift; path = ContentView.swift; sourceTree = "<group>"; };
		7554D10F2AAFB6B9008CEB87 /* Assets.xcassets */ = {isa = PBXFileReference; lastKnownFileType = folder.assetcatalog; path = Assets.xcassets; sourceTree = "<group>"; };
		7554D1112AAFB6B9008CEB87 /* Chroma.entitlements */ = {isa = PBXFileReference; lastKnownFileType = text.plist.entitlements; path = Chroma.entitlements; sourceTree = "<group>"; };
		7554D1132AAFB6B9008CEB87 /* Preview Assets.xcassets */ = {isa = PBXFileReference; lastKnownFileType = folder.assetcatalog; path = "Preview Assets.xcassets"; sourceTree = "<group>"; };
		7554D1192AAFB6B9008CEB87 /* ChromaTests.xctest */ = {isa = PBXFileReference; explicitFileType = wrapper.cfbundle; includeInIndex = 0; path = ChromaTests.xctest; sourceTree = BUILT_PRODUCTS_DIR; };
		7554D11D2AAFB6B9008CEB87 /* ChromaTests.swift */ = {isa = PBXFileReference; lastKnownFileType = sourcecode.swift; path = ChromaTests.swift; sourceTree = "<group>"; };
		7554D1232AAFB6B9008CEB87 /* ChromaUITests.xctest */ = {isa = PBXFileReference; explicitFileType = wrapper.cfbundle; includeInIndex = 0; path = ChromaUITests.xctest; sourceTree = BUILT_PRODUCTS_DIR; };
		7554D1272AAFB6B9008CEB87 /* ChromaUITests.swift */ = {isa = PBXFileReference; lastKnownFileType = sourcecode.swift; path = ChromaUITests.swift; sourceTree = "<group>"; };
		7554D1292AAFB6B9008CEB87 /* ChromaUITestsLaunchTests.swift */ = {isa = PBXFileReference; lastKnownFileType = sourcecode.swift; path = ChromaUITestsLaunchTests.swift; sourceTree = "<group>"; };
		7554D1382AAFB81C008CEB87 /* Canvas.swift */ = {isa = PBXFileReference; lastKnownFileType = sourcecode.swift; path = Canvas.swift; sourceTree = "<group>"; };
		7554D13C2AAFBA49008CEB87 /* Minimap.swift */ = {isa = PBXFileReference; lastKnownFileType = sourcecode.swift; path = Minimap.swift; sourceTree = "<group>"; };
		7554D13E2AAFBD7E008CEB87 /* Pixel.swift */ = {isa = PBXFileReference; lastKnownFileType = sourcecode.swift; path = Pixel.swift; sourceTree = "<group>"; };
		7554D1422AAFC0DA008CEB87 /* PixelShape.swift */ = {isa = PBXFileReference; lastKnownFileType = sourcecode.swift; path = PixelShape.swift; sourceTree = "<group>"; };
		7554D14D2AAFD4DD008CEB87 /* ToolList.swift */ = {isa = PBXFileReference; lastKnownFileType = sourcecode.swift; path = ToolList.swift; sourceTree = "<group>"; };
		7554D14F2AAFE61D008CEB87 /* ShapeList.swift */ = {isa = PBXFileReference; lastKnownFileType = sourcecode.swift; path = ShapeList.swift; sourceTree = "<group>"; };
		7554D1512AAFE994008CEB87 /* PixelSizeControl.swift */ = {isa = PBXFileReference; lastKnownFileType = sourcecode.swift; path = PixelSizeControl.swift; sourceTree = "<group>"; };
		7554D1552AAFEC7E008CEB87 /* Square.swift */ = {isa = PBXFileReference; lastKnownFileType = sourcecode.swift; path = Square.swift; sourceTree = "<group>"; };
		7554D1582AAFECB2008CEB87 /* SemiCircle.swift */ = {isa = PBXFileReference; lastKnownFileType = sourcecode.swift; path = SemiCircle.swift; sourceTree = "<group>"; };
		7554D15B2AAFEEE8008CEB87 /* Quadrant.swift */ = {isa = PBXFileReference; lastKnownFileType = sourcecode.swift; path = Quadrant.swift; sourceTree = "<group>"; };
		7554D15D2AAFF149008CEB87 /* RightTriangle.swift */ = {isa = PBXFileReference; lastKnownFileType = sourcecode.swift; path = RightTriangle.swift; sourceTree = "<group>"; };
		7554D15F2AAFF3C9008CEB87 /* ShapeButton.swift */ = {isa = PBXFileReference; lastKnownFileType = sourcecode.swift; path = ShapeButton.swift; sourceTree = "<group>"; };
		7554D1612AAFF880008CEB87 /* ColorControl.swift */ = {isa = PBXFileReference; lastKnownFileType = sourcecode.swift; path = ColorControl.swift; sourceTree = "<group>"; };
		7554D1652AB0D508008CEB87 /* RotationControl.swift */ = {isa = PBXFileReference; lastKnownFileType = sourcecode.swift; path = RotationControl.swift; sourceTree = "<group>"; };
		7554D1672AB0D55B008CEB87 /* DrawSettings.swift */ = {isa = PBXFileReference; lastKnownFileType = sourcecode.swift; path = DrawSettings.swift; sourceTree = "<group>"; };
		7554D1692AB10288008CEB87 /* ExpandModifier.swift */ = {isa = PBXFileReference; lastKnownFileType = sourcecode.swift; path = ExpandModifier.swift; sourceTree = "<group>"; };
		7554D16C2AB119FD008CEB87 /* PixelCursor.swift */ = {isa = PBXFileReference; lastKnownFileType = sourcecode.swift; path = PixelCursor.swift; sourceTree = "<group>"; };
		7554D16E2AB25EFD008CEB87 /* CanvasSettings.swift */ = {isa = PBXFileReference; lastKnownFileType = sourcecode.swift; path = CanvasSettings.swift; sourceTree = "<group>"; };
		7554D1722AB2775B008CEB87 /* PanelModifier.swift */ = {isa = PBXFileReference; lastKnownFileType = sourcecode.swift; path = PanelModifier.swift; sourceTree = "<group>"; };
		7554D1742AB2888C008CEB87 /* GesturesModifier.swift */ = {isa = PBXFileReference; lastKnownFileType = sourcecode.swift; path = GesturesModifier.swift; sourceTree = "<group>"; };
		7554D1762AB28F3E008CEB87 /* OperatorExtension.swift */ = {isa = PBXFileReference; lastKnownFileType = sourcecode.swift; path = OperatorExtension.swift; sourceTree = "<group>"; };
		7554D1782AB29A3D008CEB87 /* ViewSettings.swift */ = {isa = PBXFileReference; lastKnownFileType = sourcecode.swift; path = ViewSettings.swift; sourceTree = "<group>"; };
		7554D17B2AB29BAB008CEB87 /* ZoomButtons.swift */ = {isa = PBXFileReference; lastKnownFileType = sourcecode.swift; path = ZoomButtons.swift; sourceTree = "<group>"; };
		7554D17D2AB358EE008CEB87 /* History.swift */ = {isa = PBXFileReference; lastKnownFileType = sourcecode.swift; path = History.swift; sourceTree = "<group>"; };
		7554D17F2AB3600B008CEB87 /* HistoryButtons.swift */ = {isa = PBXFileReference; lastKnownFileType = sourcecode.swift; path = HistoryButtons.swift; sourceTree = "<group>"; };
		7554D1812AB3657D008CEB87 /* HistoryList.swift */ = {isa = PBXFileReference; lastKnownFileType = sourcecode.swift; path = HistoryList.swift; sourceTree = "<group>"; };
		7554D1832AB3ABA0008CEB87 /* LabelStyles.swift */ = {isa = PBXFileReference; lastKnownFileType = sourcecode.swift; path = LabelStyles.swift; sourceTree = "<group>"; };
		7554D1862AB3D1D4008CEB87 /* ScaleTypeButtons.swift */ = {isa = PBXFileReference; lastKnownFileType = sourcecode.swift; path = ScaleTypeButtons.swift; sourceTree = "<group>"; };
		7554D1882AB4BC12008CEB87 /* InverseQuadrant.swift */ = {isa = PBXFileReference; lastKnownFileType = sourcecode.swift; path = InverseQuadrant.swift; sourceTree = "<group>"; };
		7554D1902AB4EB12008CEB87 /* CanvasBase.swift */ = {isa = PBXFileReference; lastKnownFileType = sourcecode.swift; path = CanvasBase.swift; sourceTree = "<group>"; };
		7554D1942AB50B42008CEB87 /* Utils.swift */ = {isa = PBXFileReference; lastKnownFileType = sourcecode.swift; path = Utils.swift; sourceTree = "<group>"; };
		7554D1962AB52262008CEB87 /* CanvasWrapper.swift */ = {isa = PBXFileReference; lastKnownFileType = sourcecode.swift; path = CanvasWrapper.swift; sourceTree = "<group>"; };
		7554D1982AB53D11008CEB87 /* TileModeButtons.swift */ = {isa = PBXFileReference; lastKnownFileType = sourcecode.swift; path = TileModeButtons.swift; sourceTree = "<group>"; };
		7554D19A2AB54187008CEB87 /* ViewSettingsPanel.swift */ = {isa = PBXFileReference; lastKnownFileType = sourcecode.swift; path = ViewSettingsPanel.swift; sourceTree = "<group>"; };
		7554D19C2AB5424B008CEB87 /* GridModeButtons.swift */ = {isa = PBXFileReference; lastKnownFileType = sourcecode.swift; path = GridModeButtons.swift; sourceTree = "<group>"; };
		7554D19E2AB60CE6008CEB87 /* ButtonStyles.swift */ = {isa = PBXFileReference; lastKnownFileType = sourcecode.swift; path = ButtonStyles.swift; sourceTree = "<group>"; };
		7554D1A32AB63B55008CEB87 /* CanvasSettingsPanel.swift */ = {isa = PBXFileReference; lastKnownFileType = sourcecode.swift; path = CanvasSettingsPanel.swift; sourceTree = "<group>"; };
		7554D1A52AB63BBA008CEB87 /* BackgroundColorControl.swift */ = {isa = PBXFileReference; lastKnownFileType = sourcecode.swift; path = BackgroundColorControl.swift; sourceTree = "<group>"; };
/* End PBXFileReference section */

/* Begin PBXFrameworksBuildPhase section */
		7554D1052AAFB6B8008CEB87 /* Frameworks */ = {
			isa = PBXFrameworksBuildPhase;
			buildActionMask = 2147483647;
			files = (
			);
			runOnlyForDeploymentPostprocessing = 0;
		};
		7554D1162AAFB6B9008CEB87 /* Frameworks */ = {
			isa = PBXFrameworksBuildPhase;
			buildActionMask = 2147483647;
			files = (
			);
			runOnlyForDeploymentPostprocessing = 0;
		};
		7554D1202AAFB6B9008CEB87 /* Frameworks */ = {
			isa = PBXFrameworksBuildPhase;
			buildActionMask = 2147483647;
			files = (
			);
			runOnlyForDeploymentPostprocessing = 0;
		};
/* End PBXFrameworksBuildPhase section */

/* Begin PBXGroup section */
		7554D0FF2AAFB6B8008CEB87 = {
			isa = PBXGroup;
			children = (
				7554D10A2AAFB6B8008CEB87 /* Chroma */,
				7554D11C2AAFB6B9008CEB87 /* ChromaTests */,
				7554D1262AAFB6B9008CEB87 /* ChromaUITests */,
				7554D1092AAFB6B8008CEB87 /* Products */,
			);
			sourceTree = "<group>";
		};
		7554D1092AAFB6B8008CEB87 /* Products */ = {
			isa = PBXGroup;
			children = (
				7554D1082AAFB6B8008CEB87 /* Chroma.app */,
				7554D1192AAFB6B9008CEB87 /* ChromaTests.xctest */,
				7554D1232AAFB6B9008CEB87 /* ChromaUITests.xctest */,
			);
			name = Products;
			sourceTree = "<group>";
		};
		7554D10A2AAFB6B8008CEB87 /* Chroma */ = {
			isa = PBXGroup;
			children = (
				7554D1852AB3ABB9008CEB87 /* Styles */,
				7554D16B2AB10318008CEB87 /* Modifiers */,
				7554D1542AAFEC70008CEB87 /* Shapes */,
				7554D1442AAFCBE7008CEB87 /* Environment */,
				7554D1362AAFB7A6008CEB87 /* Views */,
				7554D10B2AAFB6B8008CEB87 /* ChromaApp.swift */,
				7554D10D2AAFB6B8008CEB87 /* ContentView.swift */,
				7554D10F2AAFB6B9008CEB87 /* Assets.xcassets */,
				7554D1112AAFB6B9008CEB87 /* Chroma.entitlements */,
				7554D1122AAFB6B9008CEB87 /* Preview Content */,
				7554D1762AB28F3E008CEB87 /* OperatorExtension.swift */,
				7554D1942AB50B42008CEB87 /* Utils.swift */,
			);
			path = Chroma;
			sourceTree = "<group>";
		};
		7554D1122AAFB6B9008CEB87 /* Preview Content */ = {
			isa = PBXGroup;
			children = (
				7554D1132AAFB6B9008CEB87 /* Preview Assets.xcassets */,
			);
			path = "Preview Content";
			sourceTree = "<group>";
		};
		7554D11C2AAFB6B9008CEB87 /* ChromaTests */ = {
			isa = PBXGroup;
			children = (
				7554D11D2AAFB6B9008CEB87 /* ChromaTests.swift */,
			);
			path = ChromaTests;
			sourceTree = "<group>";
		};
		7554D1262AAFB6B9008CEB87 /* ChromaUITests */ = {
			isa = PBXGroup;
			children = (
				7554D1272AAFB6B9008CEB87 /* ChromaUITests.swift */,
				7554D1292AAFB6B9008CEB87 /* ChromaUITestsLaunchTests.swift */,
			);
			path = ChromaUITests;
			sourceTree = "<group>";
		};
		7554D1362AAFB7A6008CEB87 /* Views */ = {
			isa = PBXGroup;
			children = (
				7554D1532AAFEC54008CEB87 /* Controls */,
				7554D1382AAFB81C008CEB87 /* Canvas.swift */,
				7554D1902AB4EB12008CEB87 /* CanvasBase.swift */,
				7554D13C2AAFBA49008CEB87 /* Minimap.swift */,
				7554D13E2AAFBD7E008CEB87 /* Pixel.swift */,
				7554D1422AAFC0DA008CEB87 /* PixelShape.swift */,
				7554D16C2AB119FD008CEB87 /* PixelCursor.swift */,
				7554D1962AB52262008CEB87 /* CanvasWrapper.swift */,
				7554D19A2AB54187008CEB87 /* ViewSettingsPanel.swift */,
				7554D1A32AB63B55008CEB87 /* CanvasSettingsPanel.swift */,
			);
			path = Views;
			sourceTree = "<group>";
		};
		7554D1442AAFCBE7008CEB87 /* Environment */ = {
			isa = PBXGroup;
			children = (
				7554D17D2AB358EE008CEB87 /* History.swift */,
				7554D1672AB0D55B008CEB87 /* DrawSettings.swift */,
				7554D16E2AB25EFD008CEB87 /* CanvasSettings.swift */,
				7554D1782AB29A3D008CEB87 /* ViewSettings.swift */,
			);
			path = Environment;
			sourceTree = "<group>";
		};
		7554D1532AAFEC54008CEB87 /* Controls */ = {
			isa = PBXGroup;
			children = (
				7554D14D2AAFD4DD008CEB87 /* ToolList.swift */,
				7554D14F2AAFE61D008CEB87 /* ShapeList.swift */,
				7554D1512AAFE994008CEB87 /* PixelSizeControl.swift */,
				7554D15F2AAFF3C9008CEB87 /* ShapeButton.swift */,
				7554D1612AAFF880008CEB87 /* ColorControl.swift */,
				7554D1652AB0D508008CEB87 /* RotationControl.swift */,
				7554D17B2AB29BAB008CEB87 /* ZoomButtons.swift */,
				7554D17F2AB3600B008CEB87 /* HistoryButtons.swift */,
				7554D1812AB3657D008CEB87 /* HistoryList.swift */,
				7554D1862AB3D1D4008CEB87 /* ScaleTypeButtons.swift */,
				7554D1982AB53D11008CEB87 /* TileModeButtons.swift */,
				7554D19C2AB5424B008CEB87 /* GridModeButtons.swift */,
				7554D1A52AB63BBA008CEB87 /* BackgroundColorControl.swift */,
			);
			path = Controls;
			sourceTree = "<group>";
		};
		7554D1542AAFEC70008CEB87 /* Shapes */ = {
			isa = PBXGroup;
			children = (
				7554D1552AAFEC7E008CEB87 /* Square.swift */,
				7554D1582AAFECB2008CEB87 /* SemiCircle.swift */,
				7554D15B2AAFEEE8008CEB87 /* Quadrant.swift */,
				7554D15D2AAFF149008CEB87 /* RightTriangle.swift */,
				7554D1882AB4BC12008CEB87 /* InverseQuadrant.swift */,
			);
			path = Shapes;
			sourceTree = "<group>";
		};
		7554D16B2AB10318008CEB87 /* Modifiers */ = {
			isa = PBXGroup;
			children = (
				7554D1692AB10288008CEB87 /* ExpandModifier.swift */,
				7554D1722AB2775B008CEB87 /* PanelModifier.swift */,
				7554D1742AB2888C008CEB87 /* GesturesModifier.swift */,
			);
			path = Modifiers;
			sourceTree = "<group>";
		};
		7554D1852AB3ABB9008CEB87 /* Styles */ = {
			isa = PBXGroup;
			children = (
				7554D1832AB3ABA0008CEB87 /* LabelStyles.swift */,
				7554D19E2AB60CE6008CEB87 /* ButtonStyles.swift */,
			);
			path = Styles;
			sourceTree = "<group>";
		};
/* End PBXGroup section */

/* Begin PBXNativeTarget section */
		7554D1072AAFB6B8008CEB87 /* Chroma */ = {
			isa = PBXNativeTarget;
			buildConfigurationList = 7554D12D2AAFB6B9008CEB87 /* Build configuration list for PBXNativeTarget "Chroma" */;
			buildPhases = (
				7554D1042AAFB6B8008CEB87 /* Sources */,
				7554D1052AAFB6B8008CEB87 /* Frameworks */,
				7554D1062AAFB6B8008CEB87 /* Resources */,
			);
			buildRules = (
			);
			dependencies = (
			);
			name = Chroma;
			productName = Chroma;
			productReference = 7554D1082AAFB6B8008CEB87 /* Chroma.app */;
			productType = "com.apple.product-type.application";
		};
		7554D1182AAFB6B9008CEB87 /* ChromaTests */ = {
			isa = PBXNativeTarget;
			buildConfigurationList = 7554D1302AAFB6B9008CEB87 /* Build configuration list for PBXNativeTarget "ChromaTests" */;
			buildPhases = (
				7554D1152AAFB6B9008CEB87 /* Sources */,
				7554D1162AAFB6B9008CEB87 /* Frameworks */,
				7554D1172AAFB6B9008CEB87 /* Resources */,
			);
			buildRules = (
			);
			dependencies = (
				7554D11B2AAFB6B9008CEB87 /* PBXTargetDependency */,
			);
			name = ChromaTests;
			productName = ChromaTests;
			productReference = 7554D1192AAFB6B9008CEB87 /* ChromaTests.xctest */;
			productType = "com.apple.product-type.bundle.unit-test";
		};
		7554D1222AAFB6B9008CEB87 /* ChromaUITests */ = {
			isa = PBXNativeTarget;
			buildConfigurationList = 7554D1332AAFB6B9008CEB87 /* Build configuration list for PBXNativeTarget "ChromaUITests" */;
			buildPhases = (
				7554D11F2AAFB6B9008CEB87 /* Sources */,
				7554D1202AAFB6B9008CEB87 /* Frameworks */,
				7554D1212AAFB6B9008CEB87 /* Resources */,
			);
			buildRules = (
			);
			dependencies = (
				7554D1252AAFB6B9008CEB87 /* PBXTargetDependency */,
			);
			name = ChromaUITests;
			productName = ChromaUITests;
			productReference = 7554D1232AAFB6B9008CEB87 /* ChromaUITests.xctest */;
			productType = "com.apple.product-type.bundle.ui-testing";
		};
/* End PBXNativeTarget section */

/* Begin PBXProject section */
		7554D1002AAFB6B8008CEB87 /* Project object */ = {
			isa = PBXProject;
			attributes = {
				BuildIndependentTargetsInParallel = 1;
				LastSwiftUpdateCheck = 1430;
				LastUpgradeCheck = 1430;
				TargetAttributes = {
					7554D1072AAFB6B8008CEB87 = {
						CreatedOnToolsVersion = 14.3.1;
					};
					7554D1182AAFB6B9008CEB87 = {
						CreatedOnToolsVersion = 14.3.1;
						TestTargetID = 7554D1072AAFB6B8008CEB87;
					};
					7554D1222AAFB6B9008CEB87 = {
						CreatedOnToolsVersion = 14.3.1;
						TestTargetID = 7554D1072AAFB6B8008CEB87;
					};
				};
			};
			buildConfigurationList = 7554D1032AAFB6B8008CEB87 /* Build configuration list for PBXProject "Chroma" */;
			compatibilityVersion = "Xcode 14.0";
			developmentRegion = en;
			hasScannedForEncodings = 0;
			knownRegions = (
				en,
				Base,
			);
			mainGroup = 7554D0FF2AAFB6B8008CEB87;
			productRefGroup = 7554D1092AAFB6B8008CEB87 /* Products */;
			projectDirPath = "";
			projectRoot = "";
			targets = (
				7554D1072AAFB6B8008CEB87 /* Chroma */,
				7554D1182AAFB6B9008CEB87 /* ChromaTests */,
				7554D1222AAFB6B9008CEB87 /* ChromaUITests */,
			);
		};
/* End PBXProject section */

/* Begin PBXResourcesBuildPhase section */
		7554D1062AAFB6B8008CEB87 /* Resources */ = {
			isa = PBXResourcesBuildPhase;
			buildActionMask = 2147483647;
			files = (
				7554D1142AAFB6B9008CEB87 /* Preview Assets.xcassets in Resources */,
				7554D1102AAFB6B9008CEB87 /* Assets.xcassets in Resources */,
			);
			runOnlyForDeploymentPostprocessing = 0;
		};
		7554D1172AAFB6B9008CEB87 /* Resources */ = {
			isa = PBXResourcesBuildPhase;
			buildActionMask = 2147483647;
			files = (
			);
			runOnlyForDeploymentPostprocessing = 0;
		};
		7554D1212AAFB6B9008CEB87 /* Resources */ = {
			isa = PBXResourcesBuildPhase;
			buildActionMask = 2147483647;
			files = (
			);
			runOnlyForDeploymentPostprocessing = 0;
		};
/* End PBXResourcesBuildPhase section */

/* Begin PBXSourcesBuildPhase section */
		7554D1042AAFB6B8008CEB87 /* Sources */ = {
			isa = PBXSourcesBuildPhase;
			buildActionMask = 2147483647;
			files = (
				7554D16A2AB10288008CEB87 /* ExpandModifier.swift in Sources */,
				7554D19B2AB54187008CEB87 /* ViewSettingsPanel.swift in Sources */,
				7554D1792AB29A3D008CEB87 /* ViewSettings.swift in Sources */,
				7554D1592AAFECB2008CEB87 /* SemiCircle.swift in Sources */,
				7554D16D2AB119FD008CEB87 /* PixelCursor.swift in Sources */,
				7554D1602AAFF3C9008CEB87 /* ShapeButton.swift in Sources */,
				7554D10E2AAFB6B8008CEB87 /* ContentView.swift in Sources */,
				7554D1A62AB63BBA008CEB87 /* BackgroundColorControl.swift in Sources */,
				7554D10C2AAFB6B8008CEB87 /* ChromaApp.swift in Sources */,
				7554D17C2AB29BAB008CEB87 /* ZoomButtons.swift in Sources */,
				7554D1892AB4BC12008CEB87 /* InverseQuadrant.swift in Sources */,
				7554D1872AB3D1D4008CEB87 /* ScaleTypeButtons.swift in Sources */,
				7554D19F2AB60CE6008CEB87 /* ButtonStyles.swift in Sources */,
				7554D15E2AAFF149008CEB87 /* RightTriangle.swift in Sources */,
				7554D1502AAFE61D008CEB87 /* ShapeList.swift in Sources */,
				7554D16F2AB25EFD008CEB87 /* CanvasSettings.swift in Sources */,
				7554D1842AB3ABA0008CEB87 /* LabelStyles.swift in Sources */,
				7554D1522AAFE994008CEB87 /* PixelSizeControl.swift in Sources */,
				7554D1802AB3600B008CEB87 /* HistoryButtons.swift in Sources */,
				7554D1912AB4EB12008CEB87 /* CanvasBase.swift in Sources */,
				7554D1772AB28F3E008CEB87 /* OperatorExtension.swift in Sources */,
				7554D1822AB3657D008CEB87 /* HistoryList.swift in Sources */,
				7554D1A42AB63B55008CEB87 /* CanvasSettingsPanel.swift in Sources */,
				7554D1432AAFC0DA008CEB87 /* PixelShape.swift in Sources */,
				7554D1682AB0D55B008CEB87 /* DrawSettings.swift in Sources */,
				7554D1972AB52262008CEB87 /* CanvasWrapper.swift in Sources */,
				7554D13F2AAFBD7E008CEB87 /* Pixel.swift in Sources */,
				7554D19D2AB5424B008CEB87 /* GridModeButtons.swift in Sources */,
				7554D1752AB2888C008CEB87 /* GesturesModifier.swift in Sources */,
				7554D1622AAFF880008CEB87 /* ColorControl.swift in Sources */,
				7554D15C2AAFEEE8008CEB87 /* Quadrant.swift in Sources */,
				7554D1662AB0D508008CEB87 /* RotationControl.swift in Sources */,
				7554D17E2AB358EE008CEB87 /* History.swift in Sources */,
				7554D1392AAFB81C008CEB87 /* Canvas.swift in Sources */,
				7554D14E2AAFD4DD008CEB87 /* ToolList.swift in Sources */,
				7554D1992AB53D11008CEB87 /* TileModeButtons.swift in Sources */,
				7554D1952AB50B42008CEB87 /* Utils.swift in Sources */,
				7554D1562AAFEC7E008CEB87 /* Square.swift in Sources */,
				7554D1732AB2775B008CEB87 /* PanelModifier.swift in Sources */,
				7554D13D2AAFBA49008CEB87 /* Minimap.swift in Sources */,
			);
			runOnlyForDeploymentPostprocessing = 0;
		};
		7554D1152AAFB6B9008CEB87 /* Sources */ = {
			isa = PBXSourcesBuildPhase;
			buildActionMask = 2147483647;
			files = (
				7554D11E2AAFB6B9008CEB87 /* ChromaTests.swift in Sources */,
			);
			runOnlyForDeploymentPostprocessing = 0;
		};
		7554D11F2AAFB6B9008CEB87 /* Sources */ = {
			isa = PBXSourcesBuildPhase;
			buildActionMask = 2147483647;
			files = (
				7554D12A2AAFB6B9008CEB87 /* ChromaUITestsLaunchTests.swift in Sources */,
				7554D1282AAFB6B9008CEB87 /* ChromaUITests.swift in Sources */,
			);
			runOnlyForDeploymentPostprocessing = 0;
		};
/* End PBXSourcesBuildPhase section */

/* Begin PBXTargetDependency section */
		7554D11B2AAFB6B9008CEB87 /* PBXTargetDependency */ = {
			isa = PBXTargetDependency;
			target = 7554D1072AAFB6B8008CEB87 /* Chroma */;
			targetProxy = 7554D11A2AAFB6B9008CEB87 /* PBXContainerItemProxy */;
		};
		7554D1252AAFB6B9008CEB87 /* PBXTargetDependency */ = {
			isa = PBXTargetDependency;
			target = 7554D1072AAFB6B8008CEB87 /* Chroma */;
			targetProxy = 7554D1242AAFB6B9008CEB87 /* PBXContainerItemProxy */;
		};
/* End PBXTargetDependency section */

/* Begin XCBuildConfiguration section */
		7554D12B2AAFB6B9008CEB87 /* Debug */ = {
			isa = XCBuildConfiguration;
			buildSettings = {
				ALWAYS_SEARCH_USER_PATHS = NO;
				CLANG_ANALYZER_NONNULL = YES;
				CLANG_ANALYZER_NUMBER_OBJECT_CONVERSION = YES_AGGRESSIVE;
				CLANG_CXX_LANGUAGE_STANDARD = "gnu++20";
				CLANG_ENABLE_MODULES = YES;
				CLANG_ENABLE_OBJC_ARC = YES;
				CLANG_ENABLE_OBJC_WEAK = YES;
				CLANG_WARN_BLOCK_CAPTURE_AUTORELEASING = YES;
				CLANG_WARN_BOOL_CONVERSION = YES;
				CLANG_WARN_COMMA = YES;
				CLANG_WARN_CONSTANT_CONVERSION = YES;
				CLANG_WARN_DEPRECATED_OBJC_IMPLEMENTATIONS = YES;
				CLANG_WARN_DIRECT_OBJC_ISA_USAGE = YES_ERROR;
				CLANG_WARN_DOCUMENTATION_COMMENTS = YES;
				CLANG_WARN_EMPTY_BODY = YES;
				CLANG_WARN_ENUM_CONVERSION = YES;
				CLANG_WARN_INFINITE_RECURSION = YES;
				CLANG_WARN_INT_CONVERSION = YES;
				CLANG_WARN_NON_LITERAL_NULL_CONVERSION = YES;
				CLANG_WARN_OBJC_IMPLICIT_RETAIN_SELF = YES;
				CLANG_WARN_OBJC_LITERAL_CONVERSION = YES;
				CLANG_WARN_OBJC_ROOT_CLASS = YES_ERROR;
				CLANG_WARN_QUOTED_INCLUDE_IN_FRAMEWORK_HEADER = YES;
				CLANG_WARN_RANGE_LOOP_ANALYSIS = YES;
				CLANG_WARN_STRICT_PROTOTYPES = YES;
				CLANG_WARN_SUSPICIOUS_MOVE = YES;
				CLANG_WARN_UNGUARDED_AVAILABILITY = YES_AGGRESSIVE;
				CLANG_WARN_UNREACHABLE_CODE = YES;
				CLANG_WARN__DUPLICATE_METHOD_MATCH = YES;
				COPY_PHASE_STRIP = NO;
				DEBUG_INFORMATION_FORMAT = dwarf;
				ENABLE_STRICT_OBJC_MSGSEND = YES;
				ENABLE_TESTABILITY = YES;
				GCC_C_LANGUAGE_STANDARD = gnu11;
				GCC_DYNAMIC_NO_PIC = NO;
				GCC_NO_COMMON_BLOCKS = YES;
				GCC_OPTIMIZATION_LEVEL = 0;
				GCC_PREPROCESSOR_DEFINITIONS = (
					"DEBUG=1",
					"$(inherited)",
				);
				GCC_WARN_64_TO_32_BIT_CONVERSION = YES;
				GCC_WARN_ABOUT_RETURN_TYPE = YES_ERROR;
				GCC_WARN_UNDECLARED_SELECTOR = YES;
				GCC_WARN_UNINITIALIZED_AUTOS = YES_AGGRESSIVE;
				GCC_WARN_UNUSED_FUNCTION = YES;
				GCC_WARN_UNUSED_VARIABLE = YES;
				MTL_ENABLE_DEBUG_INFO = INCLUDE_SOURCE;
				MTL_FAST_MATH = YES;
				ONLY_ACTIVE_ARCH = YES;
				SWIFT_ACTIVE_COMPILATION_CONDITIONS = DEBUG;
				SWIFT_OPTIMIZATION_LEVEL = "-Onone";
			};
			name = Debug;
		};
		7554D12C2AAFB6B9008CEB87 /* Release */ = {
			isa = XCBuildConfiguration;
			buildSettings = {
				ALWAYS_SEARCH_USER_PATHS = NO;
				CLANG_ANALYZER_NONNULL = YES;
				CLANG_ANALYZER_NUMBER_OBJECT_CONVERSION = YES_AGGRESSIVE;
				CLANG_CXX_LANGUAGE_STANDARD = "gnu++20";
				CLANG_ENABLE_MODULES = YES;
				CLANG_ENABLE_OBJC_ARC = YES;
				CLANG_ENABLE_OBJC_WEAK = YES;
				CLANG_WARN_BLOCK_CAPTURE_AUTORELEASING = YES;
				CLANG_WARN_BOOL_CONVERSION = YES;
				CLANG_WARN_COMMA = YES;
				CLANG_WARN_CONSTANT_CONVERSION = YES;
				CLANG_WARN_DEPRECATED_OBJC_IMPLEMENTATIONS = YES;
				CLANG_WARN_DIRECT_OBJC_ISA_USAGE = YES_ERROR;
				CLANG_WARN_DOCUMENTATION_COMMENTS = YES;
				CLANG_WARN_EMPTY_BODY = YES;
				CLANG_WARN_ENUM_CONVERSION = YES;
				CLANG_WARN_INFINITE_RECURSION = YES;
				CLANG_WARN_INT_CONVERSION = YES;
				CLANG_WARN_NON_LITERAL_NULL_CONVERSION = YES;
				CLANG_WARN_OBJC_IMPLICIT_RETAIN_SELF = YES;
				CLANG_WARN_OBJC_LITERAL_CONVERSION = YES;
				CLANG_WARN_OBJC_ROOT_CLASS = YES_ERROR;
				CLANG_WARN_QUOTED_INCLUDE_IN_FRAMEWORK_HEADER = YES;
				CLANG_WARN_RANGE_LOOP_ANALYSIS = YES;
				CLANG_WARN_STRICT_PROTOTYPES = YES;
				CLANG_WARN_SUSPICIOUS_MOVE = YES;
				CLANG_WARN_UNGUARDED_AVAILABILITY = YES_AGGRESSIVE;
				CLANG_WARN_UNREACHABLE_CODE = YES;
				CLANG_WARN__DUPLICATE_METHOD_MATCH = YES;
				COPY_PHASE_STRIP = NO;
				DEBUG_INFORMATION_FORMAT = "dwarf-with-dsym";
				ENABLE_NS_ASSERTIONS = NO;
				ENABLE_STRICT_OBJC_MSGSEND = YES;
				GCC_C_LANGUAGE_STANDARD = gnu11;
				GCC_NO_COMMON_BLOCKS = YES;
				GCC_WARN_64_TO_32_BIT_CONVERSION = YES;
				GCC_WARN_ABOUT_RETURN_TYPE = YES_ERROR;
				GCC_WARN_UNDECLARED_SELECTOR = YES;
				GCC_WARN_UNINITIALIZED_AUTOS = YES_AGGRESSIVE;
				GCC_WARN_UNUSED_FUNCTION = YES;
				GCC_WARN_UNUSED_VARIABLE = YES;
				MTL_ENABLE_DEBUG_INFO = NO;
				MTL_FAST_MATH = YES;
				SWIFT_COMPILATION_MODE = wholemodule;
				SWIFT_OPTIMIZATION_LEVEL = "-O";
			};
			name = Release;
		};
		7554D12E2AAFB6B9008CEB87 /* Debug */ = {
			isa = XCBuildConfiguration;
			buildSettings = {
				ASSETCATALOG_COMPILER_APPICON_NAME = AppIcon;
				ASSETCATALOG_COMPILER_GLOBAL_ACCENT_COLOR_NAME = AccentColor;
				CODE_SIGN_ENTITLEMENTS = Chroma/Chroma.entitlements;
				CODE_SIGN_STYLE = Automatic;
				CURRENT_PROJECT_VERSION = 1;
				DEVELOPMENT_ASSET_PATHS = "\"Chroma/Preview Content\"";
				DEVELOPMENT_TEAM = 45PQ9B4M25;
				ENABLE_HARDENED_RUNTIME = YES;
				ENABLE_PREVIEWS = YES;
				GENERATE_INFOPLIST_FILE = YES;
				INFOPLIST_KEY_NSPhotoLibraryAddUsageDescription = "We want to save the created images.";
				"INFOPLIST_KEY_UIApplicationSceneManifest_Generation[sdk=iphoneos*]" = YES;
				"INFOPLIST_KEY_UIApplicationSceneManifest_Generation[sdk=iphonesimulator*]" = YES;
				"INFOPLIST_KEY_UIApplicationSupportsIndirectInputEvents[sdk=iphoneos*]" = YES;
				"INFOPLIST_KEY_UIApplicationSupportsIndirectInputEvents[sdk=iphonesimulator*]" = YES;
				"INFOPLIST_KEY_UILaunchScreen_Generation[sdk=iphoneos*]" = YES;
				"INFOPLIST_KEY_UILaunchScreen_Generation[sdk=iphonesimulator*]" = YES;
				"INFOPLIST_KEY_UIStatusBarStyle[sdk=iphoneos*]" = UIStatusBarStyleDefault;
				"INFOPLIST_KEY_UIStatusBarStyle[sdk=iphonesimulator*]" = UIStatusBarStyleDefault;
				INFOPLIST_KEY_UISupportedInterfaceOrientations_iPad = "UIInterfaceOrientationPortrait UIInterfaceOrientationPortraitUpsideDown UIInterfaceOrientationLandscapeLeft UIInterfaceOrientationLandscapeRight";
				INFOPLIST_KEY_UISupportedInterfaceOrientations_iPhone = "UIInterfaceOrientationPortrait UIInterfaceOrientationLandscapeLeft UIInterfaceOrientationLandscapeRight";
				IPHONEOS_DEPLOYMENT_TARGET = 16.4;
				LD_RUNPATH_SEARCH_PATHS = "@executable_path/Frameworks";
				"LD_RUNPATH_SEARCH_PATHS[sdk=macosx*]" = "@executable_path/../Frameworks";
				MACOSX_DEPLOYMENT_TARGET = 13.3;
				MARKETING_VERSION = 1.0;
				PRODUCT_BUNDLE_IDENTIFIER = AudreySerene.Chroma;
				PRODUCT_NAME = "$(TARGET_NAME)";
				SDKROOT = auto;
				SUPPORTED_PLATFORMS = "iphoneos iphonesimulator macosx";
				SWIFT_EMIT_LOC_STRINGS = YES;
				SWIFT_VERSION = 5.0;
				TARGETED_DEVICE_FAMILY = "1,2";
			};
			name = Debug;
		};
		7554D12F2AAFB6B9008CEB87 /* Release */ = {
			isa = XCBuildConfiguration;
			buildSettings = {
				ASSETCATALOG_COMPILER_APPICON_NAME = AppIcon;
				ASSETCATALOG_COMPILER_GLOBAL_ACCENT_COLOR_NAME = AccentColor;
				CODE_SIGN_ENTITLEMENTS = Chroma/Chroma.entitlements;
				CODE_SIGN_STYLE = Automatic;
				CURRENT_PROJECT_VERSION = 1;
				DEVELOPMENT_ASSET_PATHS = "\"Chroma/Preview Content\"";
				DEVELOPMENT_TEAM = 45PQ9B4M25;
				ENABLE_HARDENED_RUNTIME = YES;
				ENABLE_PREVIEWS = YES;
				GENERATE_INFOPLIST_FILE = YES;
				INFOPLIST_KEY_NSPhotoLibraryAddUsageDescription = "We want to save the created images.";
				"INFOPLIST_KEY_UIApplicationSceneManifest_Generation[sdk=iphoneos*]" = YES;
				"INFOPLIST_KEY_UIApplicationSceneManifest_Generation[sdk=iphonesimulator*]" = YES;
				"INFOPLIST_KEY_UIApplicationSupportsIndirectInputEvents[sdk=iphoneos*]" = YES;
				"INFOPLIST_KEY_UIApplicationSupportsIndirectInputEvents[sdk=iphonesimulator*]" = YES;
				"INFOPLIST_KEY_UILaunchScreen_Generation[sdk=iphoneos*]" = YES;
				"INFOPLIST_KEY_UILaunchScreen_Generation[sdk=iphonesimulator*]" = YES;
				"INFOPLIST_KEY_UIStatusBarStyle[sdk=iphoneos*]" = UIStatusBarStyleDefault;
				"INFOPLIST_KEY_UIStatusBarStyle[sdk=iphonesimulator*]" = UIStatusBarStyleDefault;
				INFOPLIST_KEY_UISupportedInterfaceOrientations_iPad = "UIInterfaceOrientationPortrait UIInterfaceOrientationPortraitUpsideDown UIInterfaceOrientationLandscapeLeft UIInterfaceOrientationLandscapeRight";
				INFOPLIST_KEY_UISupportedInterfaceOrientations_iPhone = "UIInterfaceOrientationPortrait UIInterfaceOrientationLandscapeLeft UIInterfaceOrientationLandscapeRight";
				IPHONEOS_DEPLOYMENT_TARGET = 16.4;
				LD_RUNPATH_SEARCH_PATHS = "@executable_path/Frameworks";
				"LD_RUNPATH_SEARCH_PATHS[sdk=macosx*]" = "@executable_path/../Frameworks";
				MACOSX_DEPLOYMENT_TARGET = 13.3;
				MARKETING_VERSION = 1.0;
				PRODUCT_BUNDLE_IDENTIFIER = AudreySerene.Chroma;
				PRODUCT_NAME = "$(TARGET_NAME)";
				SDKROOT = auto;
				SUPPORTED_PLATFORMS = "iphoneos iphonesimulator macosx";
				SWIFT_EMIT_LOC_STRINGS = YES;
				SWIFT_VERSION = 5.0;
				TARGETED_DEVICE_FAMILY = "1,2";
			};
			name = Release;
		};
		7554D1312AAFB6B9008CEB87 /* Debug */ = {
			isa = XCBuildConfiguration;
			buildSettings = {
				ALWAYS_EMBED_SWIFT_STANDARD_LIBRARIES = YES;
				BUNDLE_LOADER = "$(TEST_HOST)";
				CODE_SIGN_STYLE = Automatic;
				CURRENT_PROJECT_VERSION = 1;
				DEVELOPMENT_TEAM = 45PQ9B4M25;
				GENERATE_INFOPLIST_FILE = YES;
				IPHONEOS_DEPLOYMENT_TARGET = 16.4;
				MACOSX_DEPLOYMENT_TARGET = 13.3;
				MARKETING_VERSION = 1.0;
				PRODUCT_BUNDLE_IDENTIFIER = AudreySerene.ChromaTests;
				PRODUCT_NAME = "$(TARGET_NAME)";
				SDKROOT = auto;
				SUPPORTED_PLATFORMS = "iphoneos iphonesimulator macosx";
				SWIFT_EMIT_LOC_STRINGS = NO;
				SWIFT_VERSION = 5.0;
				TARGETED_DEVICE_FAMILY = "1,2";
				TEST_HOST = "$(BUILT_PRODUCTS_DIR)/Chroma.app/$(BUNDLE_EXECUTABLE_FOLDER_PATH)/Chroma";
			};
			name = Debug;
		};
		7554D1322AAFB6B9008CEB87 /* Release */ = {
			isa = XCBuildConfiguration;
			buildSettings = {
				ALWAYS_EMBED_SWIFT_STANDARD_LIBRARIES = YES;
				BUNDLE_LOADER = "$(TEST_HOST)";
				CODE_SIGN_STYLE = Automatic;
				CURRENT_PROJECT_VERSION = 1;
				DEVELOPMENT_TEAM = 45PQ9B4M25;
				GENERATE_INFOPLIST_FILE = YES;
				IPHONEOS_DEPLOYMENT_TARGET = 16.4;
				MACOSX_DEPLOYMENT_TARGET = 13.3;
				MARKETING_VERSION = 1.0;
				PRODUCT_BUNDLE_IDENTIFIER = AudreySerene.ChromaTests;
				PRODUCT_NAME = "$(TARGET_NAME)";
				SDKROOT = auto;
				SUPPORTED_PLATFORMS = "iphoneos iphonesimulator macosx";
				SWIFT_EMIT_LOC_STRINGS = NO;
				SWIFT_VERSION = 5.0;
				TARGETED_DEVICE_FAMILY = "1,2";
				TEST_HOST = "$(BUILT_PRODUCTS_DIR)/Chroma.app/$(BUNDLE_EXECUTABLE_FOLDER_PATH)/Chroma";
			};
			name = Release;
		};
		7554D1342AAFB6B9008CEB87 /* Debug */ = {
			isa = XCBuildConfiguration;
			buildSettings = {
				ALWAYS_EMBED_SWIFT_STANDARD_LIBRARIES = YES;
				CODE_SIGN_STYLE = Automatic;
				CURRENT_PROJECT_VERSION = 1;
				DEVELOPMENT_TEAM = 45PQ9B4M25;
				GENERATE_INFOPLIST_FILE = YES;
				IPHONEOS_DEPLOYMENT_TARGET = 16.4;
				MACOSX_DEPLOYMENT_TARGET = 13.3;
				MARKETING_VERSION = 1.0;
				PRODUCT_BUNDLE_IDENTIFIER = AudreySerene.ChromaUITests;
				PRODUCT_NAME = "$(TARGET_NAME)";
				SDKROOT = auto;
				SUPPORTED_PLATFORMS = "iphoneos iphonesimulator macosx";
				SWIFT_EMIT_LOC_STRINGS = NO;
				SWIFT_VERSION = 5.0;
				TARGETED_DEVICE_FAMILY = "1,2";
				TEST_TARGET_NAME = Chroma;
			};
			name = Debug;
		};
		7554D1352AAFB6B9008CEB87 /* Release */ = {
			isa = XCBuildConfiguration;
			buildSettings = {
				ALWAYS_EMBED_SWIFT_STANDARD_LIBRARIES = YES;
				CODE_SIGN_STYLE = Automatic;
				CURRENT_PROJECT_VERSION = 1;
				DEVELOPMENT_TEAM = 45PQ9B4M25;
				GENERATE_INFOPLIST_FILE = YES;
				IPHONEOS_DEPLOYMENT_TARGET = 16.4;
				MACOSX_DEPLOYMENT_TARGET = 13.3;
				MARKETING_VERSION = 1.0;
				PRODUCT_BUNDLE_IDENTIFIER = AudreySerene.ChromaUITests;
				PRODUCT_NAME = "$(TARGET_NAME)";
				SDKROOT = auto;
				SUPPORTED_PLATFORMS = "iphoneos iphonesimulator macosx";
				SWIFT_EMIT_LOC_STRINGS = NO;
				SWIFT_VERSION = 5.0;
				TARGETED_DEVICE_FAMILY = "1,2";
				TEST_TARGET_NAME = Chroma;
			};
			name = Release;
		};
/* End XCBuildConfiguration section */

/* Begin XCConfigurationList section */
		7554D1032AAFB6B8008CEB87 /* Build configuration list for PBXProject "Chroma" */ = {
			isa = XCConfigurationList;
			buildConfigurations = (
				7554D12B2AAFB6B9008CEB87 /* Debug */,
				7554D12C2AAFB6B9008CEB87 /* Release */,
			);
			defaultConfigurationIsVisible = 0;
			defaultConfigurationName = Release;
		};
		7554D12D2AAFB6B9008CEB87 /* Build configuration list for PBXNativeTarget "Chroma" */ = {
			isa = XCConfigurationList;
			buildConfigurations = (
				7554D12E2AAFB6B9008CEB87 /* Debug */,
				7554D12F2AAFB6B9008CEB87 /* Release */,
			);
			defaultConfigurationIsVisible = 0;
			defaultConfigurationName = Release;
		};
		7554D1302AAFB6B9008CEB87 /* Build configuration list for PBXNativeTarget "ChromaTests" */ = {
			isa = XCConfigurationList;
			buildConfigurations = (
				7554D1312AAFB6B9008CEB87 /* Debug */,
				7554D1322AAFB6B9008CEB87 /* Release */,
			);
			defaultConfigurationIsVisible = 0;
			defaultConfigurationName = Release;
		};
		7554D1332AAFB6B9008CEB87 /* Build configuration list for PBXNativeTarget "ChromaUITests" */ = {
			isa = XCConfigurationList;
			buildConfigurations = (
				7554D1342AAFB6B9008CEB87 /* Debug */,
				7554D1352AAFB6B9008CEB87 /* Release */,
			);
			defaultConfigurationIsVisible = 0;
			defaultConfigurationName = Release;
		};
/* End XCConfigurationList section */
	};
	rootObject = 7554D1002AAFB6B8008CEB87 /* Project object */;
}
